{
    "version": 3,
    "terraform_version": "0.11.8",
    "serial": 2,
    "lineage": "a3d3f4c2-17e8-eb88-1fc3-396b141b28ce",
    "modules": [
        {
            "path": [
                "root"
            ],
            "outputs": {},
            "resources": {
                "aws_route_table.publicnatinstancetointernet": {
                    "type": "aws_route_table",
                    "depends_on": [],
                    "primary": {
                        "id": "rtb-09a45e07cc932c199",
                        "attributes": {
                            "id": "rtb-09a45e07cc932c199",
                            "propagating_vgws.#": "0",
                            "route.#": "1",
                            "route.1626395463.cidr_block": "0.0.0.0/0",
                            "route.1626395463.egress_only_gateway_id": "",
                            "route.1626395463.gateway_id": "igw-0697a476f1229a02c",
                            "route.1626395463.instance_id": "",
                            "route.1626395463.ipv6_cidr_block": "",
                            "route.1626395463.nat_gateway_id": "",
                            "route.1626395463.network_interface_id": "",
                            "route.1626395463.vpc_peering_connection_id": "",
                            "tags.%": "0",
                            "vpc_id": "vpc-0a70581613d55e6b0"
                        },
                        "meta": {},
                        "tainted": false
                    },
                    "deposed": [],
                    "provider": "provider.aws"
                },
                "aws_security_group.nat": {
                    "type": "aws_security_group",
                    "depends_on": [],
                    "primary": {
                        "id": "sg-0b57ae44fecacc289",
                        "attributes": {
                            "arn": "arn:aws:ec2:us-east-1:078836086632:security-group/sg-0b57ae44fecacc289",
                            "description": "Allow services from the private subnet through NAT",
                            "egress.#": "1",
                            "egress.482069346.cidr_blocks.#": "1",
                            "egress.482069346.cidr_blocks.0": "0.0.0.0/0",
                            "egress.482069346.description": "",
                            "egress.482069346.from_port": "0",
                            "egress.482069346.ipv6_cidr_blocks.#": "0",
                            "egress.482069346.prefix_list_ids.#": "0",
                            "egress.482069346.protocol": "-1",
                            "egress.482069346.security_groups.#": "0",
                            "egress.482069346.self": "false",
                            "egress.482069346.to_port": "0",
                            "id": "sg-0b57ae44fecacc289",
                            "ingress.#": "1",
                            "ingress.482069346.cidr_blocks.#": "1",
                            "ingress.482069346.cidr_blocks.0": "0.0.0.0/0",
                            "ingress.482069346.description": "",
                            "ingress.482069346.from_port": "0",
                            "ingress.482069346.ipv6_cidr_blocks.#": "0",
                            "ingress.482069346.prefix_list_ids.#": "0",
                            "ingress.482069346.protocol": "-1",
                            "ingress.482069346.security_groups.#": "0",
                            "ingress.482069346.self": "false",
                            "ingress.482069346.to_port": "0",
                            "name": "prodnat",
                            "owner_id": "078836086632",
                            "revoke_rules_on_delete": "false",
                            "tags.%": "0",
                            "vpc_id": "vpc-0a70581613d55e6b0"
                        },
                        "meta": {
                            "e2bfb730-ecaa-11e6-8f88-34363bc7c4c0": {
                                "create": 600000000000,
                                "delete": 600000000000
                            },
                            "schema_version": "1"
                        },
                        "tainted": false
                    },
                    "deposed": [],
                    "provider": "provider.aws"
                }
            },
            "depends_on": []
        }
    ]
}
