{
    "version": 3,
    "terraform_version": "0.11.8",
    "serial": 5,
    "lineage": "416fc43b-b8d5-c686-c65e-b14be6e236cf",
    "modules": [
        {
            "path": [
                "root"
            ],
            "outputs": {},
            "resources": {
                "aws_route_table_association.private_subnet_route_association": {
                    "type": "aws_route_table_association",
                    "depends_on": [],
                    "primary": {
                        "id": "rtbassoc-00df963fd35347ea2",
                        "attributes": {
                            "id": "rtbassoc-00df963fd35347ea2",
                            "route_table_id": "rtb-05b6a72a616f4e883",
                            "subnet_id": "subnet-0372debb4590d11bf"
                        },
                        "meta": {},
                        "tainted": false
                    },
                    "deposed": [],
                    "provider": "provider.aws"
                },
                "aws_security_group.nat": {
                    "type": "aws_security_group",
                    "depends_on": [],
                    "primary": {
                        "id": "sg-057f9917433d39441",
                        "attributes": {
                            "arn": "arn:aws:ec2:us-east-1:078836086632:security-group/sg-057f9917433d39441",
                            "description": "Allow services from the private subnet through NAT",
                            "egress.#": "1",
                            "egress.3483629482.cidr_blocks.#": "1",
                            "egress.3483629482.cidr_blocks.0": "0.0.0.0/0",
                            "egress.3483629482.description": "",
                            "egress.3483629482.from_port": "0",
                            "egress.3483629482.ipv6_cidr_blocks.#": "0",
                            "egress.3483629482.prefix_list_ids.#": "0",
                            "egress.3483629482.protocol": "tcp",
                            "egress.3483629482.security_groups.#": "0",
                            "egress.3483629482.self": "false",
                            "egress.3483629482.to_port": "0",
                            "id": "sg-057f9917433d39441",
                            "ingress.#": "1",
                            "ingress.1403647648.cidr_blocks.#": "1",
                            "ingress.1403647648.cidr_blocks.0": "0.0.0.0/0",
                            "ingress.1403647648.description": "",
                            "ingress.1403647648.from_port": "0",
                            "ingress.1403647648.ipv6_cidr_blocks.#": "0",
                            "ingress.1403647648.prefix_list_ids.#": "0",
                            "ingress.1403647648.protocol": "tcp",
                            "ingress.1403647648.security_groups.#": "0",
                            "ingress.1403647648.self": "false",
                            "ingress.1403647648.to_port": "65535",
                            "name": "testnat",
                            "owner_id": "078836086632",
                            "revoke_rules_on_delete": "false",
                            "tags.%": "0",
                            "vpc_id": "vpc-064e424a4a2df8066"
                        },
                        "meta": {
                            "e2bfb730-ecaa-11e6-8f88-34363bc7c4c0": {
                                "create": 600000000000,
                                "delete": 600000000000
                            },
                            "schema_version": "1"
                        },
                        "tainted": false
                    },
                    "deposed": [],
                    "provider": "provider.aws"
                }
            },
            "depends_on": []
        }
    ]
}
